PODS:
  - KFData/Attribute (1.0.3)
  - KFData/Core (1.0.3)
  - KFData/Manager (1.0.3)
  - KFData/Store (1.0.3)
  - KFData/UI (1.0.3):
    - KFData/Attribute
    - KFData/Core
    - KFData/Manager
    - KFData/Store
  - QueryKit (0.11.0-beta.4):
    - QueryKit/Bridge (= 0.11.0-beta.4)
    - QueryKit/ObjectiveC (= 0.11.0-beta.4)
    - QueryKit/Swift (= 0.11.0-beta.4)
  - QueryKit/Bridge (0.11.0-beta.4):
    - QueryKit/ObjectiveC
    - QueryKit/Swift
  - QueryKit/ObjectiveC (0.11.0-beta.4)
  - QueryKit/Swift (0.11.0-beta.4)

DEPENDENCIES:
  - KFData/Store
  - KFData/UI
  - QueryKit (= 0.11.0-beta.4)

SPEC CHECKSUMS:
  KFData: 1f60bb9fa1f45e7e8d93e698ac1e8209abd4666f
  QueryKit: 412008c93ef4016ac749f2280ef9dc889824fb96

COCOAPODS: 0.39.0.beta.4
